// !$*UTF8*$!
{
	archiveVersion = 1;
	classes = {
	};
	objectVersion = 46;
	objects = {

/* Begin PBXBuildFile section */
		3637FE261BBAC2A4001E7866 /* AppDelegate.swift in Sources */ = {isa = PBXBuildFile; fileRef = 3637FE251BBAC2A4001E7866 /* AppDelegate.swift */; };
		3637FE2B1BBAC2A4001E7866 /* Main.storyboard in Resources */ = {isa = PBXBuildFile; fileRef = 3637FE291BBAC2A4001E7866 /* Main.storyboard */; };
		3637FE2E1BBAC2A4001E7866 /* TestCoreDataSwift.xcdatamodeld in Sources */ = {isa = PBXBuildFile; fileRef = 3637FE2C1BBAC2A4001E7866 /* TestCoreDataSwift.xcdatamodeld */; };
		3637FE301BBAC2A4001E7866 /* Assets.xcassets in Resources */ = {isa = PBXBuildFile; fileRef = 3637FE2F1BBAC2A4001E7866 /* Assets.xcassets */; };
		3637FE331BBAC2A4001E7866 /* LaunchScreen.storyboard in Resources */ = {isa = PBXBuildFile; fileRef = 3637FE311BBAC2A4001E7866 /* LaunchScreen.storyboard */; };
		3637FE3B1BBAC6C5001E7866 /* MyTableViewController.swift in Sources */ = {isa = PBXBuildFile; fileRef = 3637FE3A1BBAC6C5001E7866 /* MyTableViewController.swift */; };
		3637FE3E1BBAC802001E7866 /* DataModel.swift in Sources */ = {isa = PBXBuildFile; fileRef = 3637FE3C1BBAC802001E7866 /* DataModel.swift */; };
		3637FE3F1BBAC802001E7866 /* Person.swift in Sources */ = {isa = PBXBuildFile; fileRef = 3637FE3D1BBAC802001E7866 /* Person.swift */; };
/* End PBXBuildFile section */

/* Begin PBXFileReference section */
		3637FE221BBAC2A4001E7866 /* TestCoreDataSwift.app */ = {isa = PBXFileReference; explicitFileType = wrapper.application; includeInIndex = 0; path = TestCoreDataSwift.app; sourceTree = BUILT_PRODUCTS_DIR; };
		3637FE251BBAC2A4001E7866 /* AppDelegate.swift */ = {isa = PBXFileReference; lastKnownFileType = sourcecode.swift; path = AppDelegate.swift; sourceTree = "<group>"; };
		3637FE2A1BBAC2A4001E7866 /* Base */ = {isa = PBXFileReference; lastKnownFileType = file.storyboard; name = Base; path = Base.lproj/Main.storyboard; sourceTree = "<group>"; };
		3637FE2D1BBAC2A4001E7866 /* TestCoreDataSwift.xcdatamodel */ = {isa = PBXFileReference; lastKnownFileType = wrapper.xcdatamodel; path = TestCoreDataSwift.xcdatamodel; sourceTree = "<group>"; };
		3637FE2F1BBAC2A4001E7866 /* Assets.xcassets */ = {isa = PBXFileReference; lastKnownFileType = folder.assetcatalog; path = Assets.xcassets; sourceTree = "<group>"; };
		3637FE321BBAC2A4001E7866 /* Base */ = {isa = PBXFileReference; lastKnownFileType = file.storyboard; name = Base; path = Base.lproj/LaunchScreen.storyboard; sourceTree = "<group>"; };
		3637FE341BBAC2A4001E7866 /* Info.plist */ = {isa = PBXFileReference; lastKnownFileType = text.plist.xml; path = Info.plist; sourceTree = "<group>"; };
		3637FE3A1BBAC6C5001E7866 /* MyTableViewController.swift */ = {isa = PBXFileReference; fileEncoding = 4; lastKnownFileType = sourcecode.swift; path = MyTableViewController.swift; sourceTree = "<group>"; };
		3637FE3C1BBAC802001E7866 /* DataModel.swift */ = {isa = PBXFileReference; fileEncoding = 4; lastKnownFileType = sourcecode.swift; path = DataModel.swift; sourceTree = "<group>"; };
		3637FE3D1BBAC802001E7866 /* Person.swift */ = {isa = PBXFileReference; fileEncoding = 4; lastKnownFileType = sourcecode.swift; path = Person.swift; sourceTree = "<group>"; };
/* End PBXFileReference section */

/* Begin PBXFrameworksBuildPhase section */
		3637FE1F1BBAC2A4001E7866 /* Frameworks */ = {
			isa = PBXFrameworksBuildPhase;
			buildActionMask = 2147483647;
			files = (
			);
			runOnlyForDeploymentPostprocessing = 0;
		};
/* End PBXFrameworksBuildPhase section */

/* Begin PBXGroup section */
		3637FE191BBAC2A4001E7866 = {
			isa = PBXGroup;
			children = (
				3637FE241BBAC2A4001E7866 /* TestCoreDataSwift */,
				3637FE231BBAC2A4001E7866 /* Products */,
			);
			sourceTree = "<group>";
		};
		3637FE231BBAC2A4001E7866 /* Products */ = {
			isa = PBXGroup;
			children = (
				3637FE221BBAC2A4001E7866 /* TestCoreDataSwift.app */,
			);
			name = Products;
			sourceTree = "<group>";
		};
		3637FE241BBAC2A4001E7866 /* TestCoreDataSwift */ = {
			isa = PBXGroup;
			children = (
				3637FE251BBAC2A4001E7866 /* AppDelegate.swift */,
				3637FE3A1BBAC6C5001E7866 /* MyTableViewController.swift */,
				3637FE3C1BBAC802001E7866 /* DataModel.swift */,
				3637FE3D1BBAC802001E7866 /* Person.swift */,
				3637FE291BBAC2A4001E7866 /* Main.storyboard */,
				3637FE2C1BBAC2A4001E7866 /* TestCoreDataSwift.xcdatamodeld */,
				3637FE2F1BBAC2A4001E7866 /* Assets.xcassets */,
				3637FE311BBAC2A4001E7866 /* LaunchScreen.storyboard */,
				3637FE341BBAC2A4001E7866 /* Info.plist */,
			);
			path = TestCoreDataSwift;
			sourceTree = "<group>";
		};
/* End PBXGroup section */

/* Begin PBXNativeTarget section */
		3637FE211BBAC2A4001E7866 /* TestCoreDataSwift */ = {
			isa = PBXNativeTarget;
			buildConfigurationList = 3637FE371BBAC2A4001E7866 /* Build configuration list for PBXNativeTarget "TestCoreDataSwift" */;
			buildPhases = (
				3637FE1E1BBAC2A4001E7866 /* Sources */,
				3637FE1F1BBAC2A4001E7866 /* Frameworks */,
				3637FE201BBAC2A4001E7866 /* Resources */,
			);
			buildRules = (
			);
			dependencies = (
			);
			name = TestCoreDataSwift;
			productName = TestCoreDataSwift;
			productReference = 3637FE221BBAC2A4001E7866 /* TestCoreDataSwift.app */;
			productType = "com.apple.product-type.application";
		};
/* End PBXNativeTarget section */

/* Begin PBXProject section */
		3637FE1A1BBAC2A4001E7866 /* Project object */ = {
			isa = PBXProject;
			attributes = {
				LastUpgradeCheck = 0700;
				ORGANIZATIONNAME = cs378;
				TargetAttributes = {
					3637FE211BBAC2A4001E7866 = {
						CreatedOnToolsVersion = 7.0;
						LastSwiftMigration = 0820;
					};
				};
			};
			buildConfigurationList = 3637FE1D1BBAC2A4001E7866 /* Build configuration list for PBXProject "TestCoreDataSwift" */;
			compatibilityVersion = "Xcode 3.2";
			developmentRegion = English;
			hasScannedForEncodings = 0;
			knownRegions = (
				en,
				Base,
			);
			mainGroup = 3637FE191BBAC2A4001E7866;
			productRefGroup = 3637FE231BBAC2A4001E7866 /* Products */;
			projectDirPath = "";
			projectRoot = "";
			targets = (
				3637FE211BBAC2A4001E7866 /* TestCoreDataSwift */,
			);
		};
/* End PBXProject section */

/* Begin PBXResourcesBuildPhase section */
		3637FE201BBAC2A4001E7866 /* Resources */ = {
			isa = PBXResourcesBuildPhase;
			buildActionMask = 2147483647;
			files = (
				3637FE331BBAC2A4001E7866 /* LaunchScreen.storyboard in Resources */,
				3637FE301BBAC2A4001E7866 /* Assets.xcassets in Resources */,
				3637FE2B1BBAC2A4001E7866 /* Main.storyboard in Resources */,
			);
			runOnlyForDeploymentPostprocessing = 0;
		};
/* End PBXResourcesBuildPhase section */

/* Begin PBXSourcesBuildPhase section */
		3637FE1E1BBAC2A4001E7866 /* Sources */ = {
			isa = PBXSourcesBuildPhase;
			buildActionMask = 2147483647;
			files = (
				3637FE3F1BBAC802001E7866 /* Person.swift in Sources */,
				3637FE2E1BBAC2A4001E7866 /* TestCoreDataSwift.xcdatamodeld in Sources */,
				3637FE3E1BBAC802001E7866 /* DataModel.swift in Sources */,
				3637FE261BBAC2A4001E7866 /* AppDelegate.swift in Sources */,
				3637FE3B1BBAC6C5001E7866 /* MyTableViewController.swift in Sources */,
			);
			runOnlyForDeploymentPostprocessing = 0;
		};
/* End PBXSourcesBuildPhase section */

/* Begin PBXVariantGroup section */
		3637FE291BBAC2A4001E7866 /* Main.storyboard */ = {
			isa = PBXVariantGroup;
			children = (
				3637FE2A1BBAC2A4001E7866 /* Base */,
			);
			name = Main.storyboard;
			sourceTree = "<group>";
		};
		3637FE311BBAC2A4001E7866 /* LaunchScreen.storyboard */ = {
			isa = PBXVariantGroup;
			children = (
				3637FE321BBAC2A4001E7866 /* Base */,
			);
			name = LaunchScreen.storyboard;
			sourceTree = "<group>";
		};
/* End PBXVariantGroup section */

/* Begin XCBuildConfiguration section */
		3637FE351BBAC2A4001E7866 /* Debug */ = {
			isa = XCBuildConfiguration;
			buildSettings = {
				ALWAYS_SEARCH_USER_PATHS = NO;
				CLANG_CXX_LANGUAGE_STANDARD = "gnu++0x";
				CLANG_CXX_LIBRARY = "libc++";
				CLANG_ENABLE_MODULES = YES;
				CLANG_ENABLE_OBJC_ARC = YES;
				CLANG_WARN_BOOL_CONVERSION = YES;
				CLANG_WARN_CONSTANT_CONVERSION = YES;
				CLANG_WARN_DIRECT_OBJC_ISA_USAGE = YES_ERROR;
				CLANG_WARN_EMPTY_BODY = YES;
				CLANG_WARN_ENUM_CONVERSION = YES;
				CLANG_WARN_INT_CONVERSION = YES;
				CLANG_WARN_OBJC_ROOT_CLASS = YES_ERROR;
				CLANG_WARN_UNREACHABLE_CODE = YES;
				CLANG_WARN__DUPLICATE_METHOD_MATCH = YES;
				"CODE_SIGN_IDENTITY[sdk=iphoneos*]" = "iPhone Developer";
				COPY_PHASE_STRIP = NO;
				DEBUG_INFORMATION_FORMAT = dwarf;
				ENABLE_STRICT_OBJC_MSGSEND = YES;
				ENABLE_TESTABILITY = YES;
				GCC_C_LANGUAGE_STANDARD = gnu99;
				GCC_DYNAMIC_NO_PIC = NO;
				GCC_NO_COMMON_BLOCKS = YES;
				GCC_OPTIMIZATION_LEVEL = 0;
				GCC_PREPROCESSOR_DEFINITIONS = (
					"DEBUG=1",
					"$(inherited)",
				);
				GCC_WARN_64_TO_32_BIT_CONVERSION = YES;
				GCC_WARN_ABOUT_RETURN_TYPE = YES_ERROR;
				GCC_WARN_UNDECLARED_SELECTOR = YES;
				GCC_WARN_UNINITIALIZED_AUTOS = YES_AGGRESSIVE;
				GCC_WARN_UNUSED_FUNCTION = YES;
				GCC_WARN_UNUSED_VARIABLE = YES;
				IPHONEOS_DEPLOYMENT_TARGET = 9.0;
				MTL_ENABLE_DEBUG_INFO = YES;
				ONLY_ACTIVE_ARCH = YES;
				SDKROOT = iphoneos;
				SWIFT_OPTIMIZATION_LEVEL = "-Onone";
				TARGETED_DEVICE_FAMILY = "1,2";
			};
			name = Debug;
		};
		3637FE361BBAC2A4001E7866 /* Release */ = {
			isa = XCBuildConfiguration;
			buildSettings = {
				ALWAYS_SEARCH_USER_PATHS = NO;
				CLANG_CXX_LANGUAGE_STANDARD = "gnu++0x";
				CLANG_CXX_LIBRARY = "libc++";
				CLANG_ENABLE_MODULES = YES;
				CLANG_ENABLE_OBJC_ARC = YES;
				CLANG_WARN_BOOL_CONVERSION = YES;
				CLANG_WARN_CONSTANT_CONVERSION = YES;
				CLANG_WARN_DIRECT_OBJC_ISA_USAGE = YES_ERROR;
				CLANG_WARN_EMPTY_BODY = YES;
				CLANG_WARN_ENUM_CONVERSION = YES;
				CLANG_WARN_INT_CONVERSION = YES;
				CLANG_WARN_OBJC_ROOT_CLASS = YES_ERROR;
				CLANG_WARN_UNREACHABLE_CODE = YES;
				CLANG_WARN__DUPLICATE_METHOD_MATCH = YES;
				"CODE_SIGN_IDENTITY[sdk=iphoneos*]" = "iPhone Developer";
				COPY_PHASE_STRIP = NO;
				DEBUG_INFORMATION_FORMAT = "dwarf-with-dsym";
				ENABLE_NS_ASSERTIONS = NO;
				ENABLE_STRICT_OBJC_MSGSEND = YES;
				GCC_C_LANGUAGE_STANDARD = gnu99;
				GCC_NO_COMMON_BLOCKS = YES;
				GCC_WARN_64_TO_32_BIT_CONVERSION = YES;
				GCC_WARN_ABOUT_RETURN_TYPE = YES_ERROR;
				GCC_WARN_UNDECLARED_SELECTOR = YES;
				GCC_WARN_UNINITIALIZED_AUTOS = YES_AGGRESSIVE;
				GCC_WARN_UNUSED_FUNCTION = YES;
				GCC_WARN_UNUSED_VARIABLE = YES;
				IPHONEOS_DEPLOYMENT_TARGET = 9.0;
				MTL_ENABLE_DEBUG_INFO = NO;
				SDKROOT = iphoneos;
				TARGETED_DEVICE_FAMILY = "1,2";
				VALIDATE_PRODUCT = YES;
			};
			name = Release;
		};
		3637FE381BBAC2A4001E7866 /* Debug */ = {
			isa = XCBuildConfiguration;
			buildSettings = {
				ASSETCATALOG_COMPILER_APPICON_NAME = AppIcon;
				INFOPLIST_FILE = TestCoreDataSwift/Info.plist;
				LD_RUNPATH_SEARCH_PATHS = "$(inherited) @executable_path/Frameworks";
				PRODUCT_BUNDLE_IDENTIFIER = com.cs378.TestCoreDataSwift;
				PRODUCT_NAME = "$(TARGET_NAME)";
				SWIFT_VERSION = 4.0;
			};
			name = Debug;
		};
		3637FE391BBAC2A4001E7866 /* Release */ = {
			isa = XCBuildConfiguration;
			buildSettings = {
				ASSETCATALOG_COMPILER_APPICON_NAME = AppIcon;
				INFOPLIST_FILE = TestCoreDataSwift/Info.plist;
				LD_RUNPATH_SEARCH_PATHS = "$(inherited) @executable_path/Frameworks";
				PRODUCT_BUNDLE_IDENTIFIER = com.cs378.TestCoreDataSwift;
				PRODUCT_NAME = "$(TARGET_NAME)";
				SWIFT_VERSION = 4.0;
			};
			name = Release;
		};
/* End XCBuildConfiguration section */

/* Begin XCConfigurationList section */
		3637FE1D1BBAC2A4001E7866 /* Build configuration list for PBXProject "TestCoreDataSwift" */ = {
			isa = XCConfigurationList;
			buildConfigurations = (
				3637FE351BBAC2A4001E7866 /* Debug */,
				3637FE361BBAC2A4001E7866 /* Release */,
			);
			defaultConfigurationIsVisible = 0;
			defaultConfigurationName = Release;
		};
		3637FE371BBAC2A4001E7866 /* Build configuration list for PBXNativeTarget "TestCoreDataSwift" */ = {
			isa = XCConfigurationList;
			buildConfigurations = (
				3637FE381BBAC2A4001E7866 /* Debug */,
				3637FE391BBAC2A4001E7866 /* Release */,
			);
			defaultConfigurationIsVisible = 0;
			defaultConfigurationName = Release;
		};
/* End XCConfigurationList section */

/* Begin XCVersionGroup section */
		3637FE2C1BBAC2A4001E7866 /* TestCoreDataSwift.xcdatamodeld */ = {
			isa = XCVersionGroup;
			children = (
				3637FE2D1BBAC2A4001E7866 /* TestCoreDataSwift.xcdatamodel */,
			);
			currentVersion = 3637FE2D1BBAC2A4001E7866 /* TestCoreDataSwift.xcdatamodel */;
			path = TestCoreDataSwift.xcdatamodeld;
			sourceTree = "<group>";
			versionGroupType = wrapper.xcdatamodel;
		};
/* End XCVersionGroup section */
	};
	rootObject = 3637FE1A1BBAC2A4001E7866 /* Project object */;
}
